
Microsoft Visual Studio Solution File, Format Version 12.00
# Visual Studio 15
VisualStudioVersion = 15.0.27703.2035
MinimumVisualStudioVersion = 10.0.40219.1
Project("{F2A71F9B-5D33-465A-A702-920D77279786}") = "ExistentialPlayground", "ExistentialPlayground\ExistentialPlayground.fsproj", "{FC7A9A4A-8238-40D1-9B50-B1F8DF3AF9BB}"
EndProject
Global
	GlobalSection(SolutionConfigurationPlatforms) = preSolution
		Debug|Any CPU = Debug|Any CPU
		Release|Any CPU = Release|Any CPU
	EndGlobalSection
	GlobalSection(ProjectConfigurationPlatforms) = postSolution
		{FC7A9A4A-8238-40D1-9B50-B1F8DF3AF9BB}.Debug|Any CPU.ActiveCfg = Debug|Any CPU
		{FC7A9A4A-8238-40D1-9B50-B1F8DF3AF9BB}.Debug|Any CPU.Build.0 = Debug|Any CPU
		{FC7A9A4A-8238-40D1-9B50-B1F8DF3AF9BB}.Release|Any CPU.ActiveCfg = Release|Any CPU
		{FC7A9A4A-8238-40D1-9B50-B1F8DF3AF9BB}.Release|Any CPU.Build.0 = Release|Any CPU
	EndGlobalSection
	GlobalSection(SolutionProperties) = preSolution
		HideSolutionNode = FALSE
	EndGlobalSection
	GlobalSection(ExtensibilityGlobals) = postSolution
		SolutionGuid = {67EEF42E-C762-4DC5-9F26-CCACB24BBC32}
	EndGlobalSection
EndGlobal
